<?xml version="1.0" encoding="UTF-8" standalone="yes" ?>
<CodeBlocks_project_file>
	<FileVersion major="1" minor="6" />
	<Project>
		<Option title="sign" />
		<Option pch_mode="2" />
		<Option compiler="gcc" />
		<Build>
			<Target title="Debug">
				<Option output="bin/Debug/Signin" prefix_auto="1" extension_auto="1" />
				<Option object_output="obj/Debug/" />
				<Option type="0" />
				<Option compiler="gcc" />
				<Option projectLinkerOptionsRelation="2" />
				<Compiler>
					<Add option="-g" />
					<Add directory="wxWidgets-3.1.1/lib/gcc_lib/mswud" />
					<Add directory="opencv/build/install/include" />
					<Add directory="detector" />
					<Add directory="include" />
				</Compiler>
				<ResourceCompiler>
					<Add directory="wxWidgets-3.1.1/lib/gcc_lib/mswud" />
				</ResourceCompiler>
				<Linker>
					<Add library="wxmsw31u_core" />
					<Add library="wxbase31u" />
					<Add library="wxpng" />
					<Add library="wxzlib" />
					<Add library="opencv_img_hash341.dll" />
					<Add library="opencv_world341.dll" />
					<Add directory="wxWidgets-3.1.1/lib/gcc_lib" />
					<Add directory="opencv/build/install/x64/mingw/bin" />
					<Add directory="opencv/build/install/x64/mingw/lib" />
				</Linker>
				<ExtraCommands>
					<Add after="copy ./wxWidgets-3.1.1/lib/gcc_lib/wxmsw311u_core_gcc510TDM_x64.dll ./Debug/" />
				</ExtraCommands>
			</Target>
			<Target title="Release">
				<Option output="bin/Release/Signin" prefix_auto="1" extension_auto="1" />
				<Option object_output="obj/Release/" />
				<Option type="0" />
				<Option compiler="gcc" />
				<Option projectLinkerOptionsRelation="2" />
				<Compiler>
					<Add option="-O2" />
					<Add directory="wxWidgets-3.1.1/lib/gcc_lib/mswu" />
					<Add directory="opencv/build/install/include" />
					<Add directory="detector" />
					<Add directory="include" />
				</Compiler>
				<ResourceCompiler>
					<Add directory="wxWidgets-3.1.1/lib/gcc_lib/mswu" />
				</ResourceCompiler>
				<Linker>
					<Add option="-s" />
					<Add library="wxmsw31u_core" />
					<Add library="wxbase31u" />
					<Add library="wxpng" />
					<Add library="wxzlib" />
					<Add library="opencv_world341.dll" />
					<Add library="opencv_img_hash341.dll" />
					<Add directory="wxWidgets-3.1.1/lib/gcc_lib" />
					<Add directory="opencv/build/install/x64/mingw/lib" />
					<Add directory="opencv/build/install/x64/mingw/bin" />
				</Linker>
			</Target>
		</Build>
		<Compiler>
			<Add option="-Wall" />
			<Add option="-pipe" />
			<Add option="-mthreads" />
			<Add option="-D__GNUWIN32__" />
			<Add option="-D__WXMSW__" />
			<Add option="-DwxUSE_UNICODE" />
			<Add directory="wxWidgets-3.1.1/include" />
			<Add directory="opencv-3.4.1/build/x64/mingw/include" />
		</Compiler>
		<ResourceCompiler>
			<Add directory="wxWidgets-3.1.1/include" />
		</ResourceCompiler>
		<Linker>
			<Add option="-mthreads" />
			<Add library="kernel32" />
			<Add library="user32" />
			<Add library="gdi32" />
			<Add library="winspool" />
			<Add library="comdlg32" />
			<Add library="advapi32" />
			<Add library="shell32" />
			<Add library="ole32" />
			<Add library="oleaut32" />
			<Add library="uuid" />
			<Add library="comctl32" />
			<Add library="wsock32" />
			<Add library="odbc32" />
			<Add library="shlwapi" />
			<Add library="version" />
			<Add directory="wxWidgets-3.1.1/lib/gcc_lib" />
			<Add directory="opencv-3.4.1/build/x64/mingw/bin" />
		</Linker>
		<Unit filename="SigninApp.cpp" />
		<Unit filename="SigninApp.h" />
		<Unit filename="SigninMain.cpp" />
		<Unit filename="SigninMain.h" />
		<Unit filename="camera/CameraView.cpp" />
		<Unit filename="camera/CameraView.h" />
		<Unit filename="detector/Detector.cpp" />
		<Unit filename="detector/Detector.h" />
		<Unit filename="resource.rc">
			<Option compilerVar="WINDRES" />
		</Unit>
		<Unit filename="wxsmith/Signinframe.wxs" />
		<Extensions>
			<code_completion />
			<envvars />
			<debugger />
			<wxsmith version="1">
				<gui name="wxWidgets" src="SigninApp.cpp" main="SigninFrame" init_handlers="necessary" language="CPP" />
				<resources>
					<wxFrame wxs="wxsmith/Signinframe.wxs" src="SigninMain.cpp" hdr="SigninMain.h" fwddecl="1" i18n="0" name="SigninFrame" language="CPP" />
				</resources>
			</wxsmith>
		</Extensions>
	</Project>
</CodeBlocks_project_file>
