<?xml version="1.0" encoding="utf-8"?>
<Project ToolsVersion="4.0" xmlns="http://schemas.microsoft.com/developer/msbuild/2003">
  <ItemGroup>
    <Filter Include="Source Files">
      <UniqueIdentifier>{4FC737F1-C7A5-4376-A066-2A32D752A2FF}</UniqueIdentifier>
      <Extensions>cpp;c;cc;cxx;def;odl;idl;hpj;bat;asm;asmx</Extensions>
    </Filter>
    <Filter Include="Header Files">
      <UniqueIdentifier>{93995380-89BD-4b04-88EB-625FBE52EBFB}</UniqueIdentifier>
      <Extensions>h;hh;hpp;hxx;hm;inl;inc;ipp;xsd</Extensions>
    </Filter>
    <Filter Include="Resource Files">
      <UniqueIdentifier>{67DA6AB6-F800-4c08-8B7A-83BB121AAD01}</UniqueIdentifier>
      <Extensions>rc;ico;cur;bmp;dlg;rc2;rct;bin;rgs;gif;jpg;jpeg;jpe;resx;tiff;tif;png;wav;mfcribbon-ms</Extensions>
    </Filter>
    <Filter Include="Camera">
      <UniqueIdentifier>{01daa4d2-1c0b-41bf-a914-916f26bda649}</UniqueIdentifier>
    </Filter>
    <Filter Include="Detector">
      <UniqueIdentifier>{e9bccb44-914d-4244-bdff-13da5e627df3}</UniqueIdentifier>
    </Filter>
    <Filter Include="CertCard">
      <UniqueIdentifier>{7a55f8c2-0513-43bd-a916-28f0baaf6654}</UniqueIdentifier>
    </Filter>
    <Filter Include="ImgStorage">
      <UniqueIdentifier>{5f6322ba-a35f-48f8-b9e7-52c90a73144a}</UniqueIdentifier>
    </Filter>
    <Filter Include="Config">
      <UniqueIdentifier>{4cc0fde6-57f8-463a-bd32-53d5434ee43a}</UniqueIdentifier>
    </Filter>
    <Filter Include="DataServer">
      <UniqueIdentifier>{83752a10-9f80-4d36-b7cd-859dddaf7e98}</UniqueIdentifier>
    </Filter>
  </ItemGroup>
  <ItemGroup>
    <ClCompile Include="camera\CameraView.cpp">
      <Filter>Camera</Filter>
    </ClCompile>
    <ClCompile Include="detector\Detector.cpp">
      <Filter>Detector</Filter>
    </ClCompile>
    <ClCompile Include="SigninMain.cpp">
      <Filter>Source Files</Filter>
    </ClCompile>
    <ClCompile Include="SigninApp.cpp">
      <Filter>Source Files</Filter>
    </ClCompile>
    <ClCompile Include="SigninFrame.cpp">
      <Filter>Source Files</Filter>
    </ClCompile>
    <ClCompile Include="certcard\CertCard.cpp">
      <Filter>CertCard</Filter>
    </ClCompile>
    <ClCompile Include="imgstorage\ImgStorage.cpp">
      <Filter>ImgStorage</Filter>
    </ClCompile>
    <ClCompile Include="config\Config.cpp">
      <Filter>Config</Filter>
    </ClCompile>
    <ClCompile Include="ProgressThread.cpp">
      <Filter>Source Files</Filter>
    </ClCompile>
    <ClCompile Include="dataserver\DataServer.cpp">
      <Filter>DataServer</Filter>
    </ClCompile>
  </ItemGroup>
  <ItemGroup>
    <ClInclude Include="camera\CameraView.h">
      <Filter>Camera</Filter>
    </ClInclude>
    <ClInclude Include="detector\Detector.h">
      <Filter>Detector</Filter>
    </ClInclude>
    <ClInclude Include="SigninApp.h">
      <Filter>Header Files</Filter>
    </ClInclude>
    <ClInclude Include="SigninMain.h">
      <Filter>Header Files</Filter>
    </ClInclude>
    <ClInclude Include="SigninFrame.h">
      <Filter>Header Files</Filter>
    </ClInclude>
    <ClInclude Include="certcard\CertCard.h">
      <Filter>CertCard</Filter>
    </ClInclude>
    <ClInclude Include="imgstorage\ImgStorage.h">
      <Filter>ImgStorage</Filter>
    </ClInclude>
    <ClInclude Include="config\Config.h">
      <Filter>Config</Filter>
    </ClInclude>
    <ClInclude Include="config\json.hpp">
      <Filter>Header Files</Filter>
    </ClInclude>
    <ClInclude Include="ProgressThread.h">
      <Filter>Header Files</Filter>
    </ClInclude>
    <ClInclude Include="dataserver\DataServer.h">
      <Filter>DataServer</Filter>
    </ClInclude>
    <ClInclude Include="certcard\CertCardListener.h">
      <Filter>CertCard</Filter>
    </ClInclude>
    <ClInclude Include="camera\CameraListener.h">
      <Filter>Camera</Filter>
    </ClInclude>
  </ItemGroup>
</Project>