<?xml version="1.0" encoding="UTF-8" standalone="yes" ?>
<CodeBlocks_project_file>
	<FileVersion major="1" minor="6" />
	<Project>
		<Option title="Signin" />
		<Option pch_mode="2" />
		<Option compiler="gcc" />
		<Build>
			<Target title="Debug">
				<Option output="bin/Debug/Signin" prefix_auto="1" extension_auto="1" />
				<Option object_output="obj/Debug/" />
				<Option type="0" />
				<Option compiler="gcc" />
				<Option projectLinkerOptionsRelation="2" />
				<Compiler>
					<Add option="-g" />
				</Compiler>
			</Target>
			<Target title="Release">
				<Option output="bin/Release/Signin" prefix_auto="1" extension_auto="1" />
				<Option object_output="obj/Release/" />
				<Option type="0" />
				<Option compiler="gcc" />
				<Option projectLinkerOptionsRelation="2" />
				<Compiler>
					<Add option="-O2" />
				</Compiler>
				<Linker>
					<Add option="-s" />
				</Linker>
			</Target>
		</Build>
		<Compiler>
			<Add option="-Wall" />
			<Add option="`wx-config --cflags`" />
		</Compiler>
		<Linker>
			<Add option="`wx-config --libs`" />
			<Add library="opencv_world" />
			<Add library="boost_system" />
			<Add library="cpprest" />
			<Add library="ssl" />
			<Add library="crypto" />
			<Add library="fastcommon" />
			<Add library="fdfsclient" />
		</Linker>
		<Unit filename="ProgressThread.cpp" />
		<Unit filename="ProgressThread.h" />
		<Unit filename="SigninApp.cpp" />
		<Unit filename="SigninApp.h" />
		<Unit filename="SigninFrame.cpp" />
		<Unit filename="SigninFrame.h" />
		<Unit filename="SigninMain.cpp" />
		<Unit filename="SigninMain.h" />
		<Unit filename="camera/CameraListener.h" />
		<Unit filename="camera/CameraView.cpp" />
		<Unit filename="camera/CameraView.h" />
		<Unit filename="certcard/CertCard.cpp" />
		<Unit filename="certcard/CertCard.h" />
		<Unit filename="certcard/CertCardListener.h" />
		<Unit filename="config/Config.cpp" />
		<Unit filename="config/Config.h" />
		<Unit filename="config/json.hpp" />
		<Unit filename="dataserver/DataServer.cpp" />
		<Unit filename="dataserver/DataServer.h" />
		<Unit filename="detector/Detector.cpp" />
		<Unit filename="detector/Detector.h" />
		<Unit filename="imgstorage/ImgStorage.cpp" />
		<Unit filename="imgstorage/ImgStorage.h" />
		<Extensions>
			<code_completion />
			<debugger />
		</Extensions>
	</Project>
</CodeBlocks_project_file>
