<?xml version="1.0" encoding="UTF-8" standalone="yes" ?>
<CodeBlocks_project_file>
	<FileVersion major="1" minor="6" />
	<Project>
		<Option title="sign" />
		<Option pch_mode="2" />
		<Option compiler="gcc" />
		<Build>
			<Target title="Debug">
				<Option output="bin/Debug/Signin" prefix_auto="1" extension_auto="1" />
				<Option object_output="obj/Debug/" />
				<Option type="0" />
				<Option compiler="gcc" />
				<Option projectLinkerOptionsRelation="2" />
				<Compiler>
					<Add option="-g" />
					<Add directory="wxWidgets-3.1.1/lib/gcc_lib/mswud" />
					<Add directory="opencv/build/install/include" />
				</Compiler>
				<ResourceCompiler>
					<Add directory="wxWidgets-3.1.1/lib/gcc_lib/mswud" />
				</ResourceCompiler>
				<Linker>
					<Add library="libwxmsw31u_core.a" />
					<Add library="libwxbase31u.a" />
					<Add library="libwxpng.a" />
					<Add library="libwxzlib.a" />
					<Add library="libopencv_aruco341.dll.a" />
					<Add library="libopencv_bgsegm341.dll.a" />
					<Add library="libopencv_bioinspired341.dll.a" />
					<Add library="libopencv_calib3d341.dll.a" />
					<Add library="libopencv_ccalib341.dll.a" />
					<Add library="libopencv_core341.dll.a" />
					<Add library="libopencv_datasets341.dll.a" />
					<Add library="libopencv_dnn_objdetect341.dll.a" />
					<Add library="libopencv_dnn341.dll.a" />
					<Add library="libopencv_dpm341.dll.a" />
					<Add library="libopencv_face341.dll.a" />
					<Add library="libopencv_features2d341.dll.a" />
					<Add library="libopencv_flann341.dll.a" />
					<Add library="libopencv_fuzzy341.dll.a" />
					<Add library="libopencv_hfs341.dll.a" />
					<Add library="libopencv_highgui341.dll.a" />
					<Add library="libopencv_img_hash341.dll.a" />
					<Add library="libopencv_imgcodecs341.dll.a" />
					<Add library="libopencv_imgproc341.dll.a" />
					<Add library="libopencv_line_descriptor341.dll.a" />
					<Add library="libopencv_ml341.dll.a" />
					<Add library="libopencv_objdetect341.dll.a" />
					<Add library="libopencv_optflow341.dll.a" />
					<Add library="libopencv_phase_unwrapping341.dll.a" />
					<Add library="libopencv_photo341.dll.a" />
					<Add library="libopencv_plot341.dll.a" />
					<Add library="libopencv_reg341.dll.a" />
					<Add library="libopencv_rgbd341.dll.a" />
					<Add library="libopencv_shape341.dll.a" />
					<Add library="libopencv_stereo341.dll.a" />
					<Add library="libopencv_stitching341.dll.a" />
					<Add library="libopencv_structured_light341.dll.a" />
					<Add library="libopencv_superres341.dll.a" />
					<Add library="libopencv_surface_matching341.dll.a" />
					<Add library="libopencv_text341.dll.a" />
					<Add library="libopencv_tracking341.dll.a" />
					<Add library="libopencv_video341.dll.a" />
					<Add library="libopencv_videoio341.dll.a" />
					<Add library="libopencv_videostab341.dll.a" />
					<Add library="libopencv_xfeatures2d341.dll.a" />
					<Add library="libopencv_ximgproc341.dll.a" />
					<Add library="libopencv_xobjdetect341.dll.a" />
					<Add library="libopencv_xphoto341.dll.a" />
					<Add directory="wxWidgets-3.1.1/lib/gcc_lib" />
					<Add directory="opencv/build/install/x64/mingw/bin" />
					<Add directory="opencv/build/install/x64/mingw/lib" />
				</Linker>
			</Target>
			<Target title="Release">
				<Option output="bin/Release/Signin" prefix_auto="1" extension_auto="1" />
				<Option object_output="obj/Release/" />
				<Option type="0" />
				<Option compiler="gcc" />
				<Option projectLinkerOptionsRelation="2" />
				<Compiler>
					<Add option="-O2" />
					<Add directory="wxWidgets-3.1.1/lib/gcc_lib/mswu" />
					<Add directory="opencv/build/install/include" />
				</Compiler>
				<ResourceCompiler>
					<Add directory="wxWidgets-3.1.1/lib/gcc_lib/mswu" />
				</ResourceCompiler>
				<Linker>
					<Add option="-s" />
					<Add library="libwxmsw31u_core.a" />
					<Add library="libwxbase31u.a" />
					<Add library="libwxpng.a" />
					<Add library="libwxzlib.a" />
					<Add library="libopencv_aruco341.dll.a" />
					<Add library="libopencv_bgsegm341.dll.a" />
					<Add library="libopencv_bioinspired341.dll.a" />
					<Add library="libopencv_calib3d341.dll.a" />
					<Add library="libopencv_ccalib341.dll.a" />
					<Add library="libopencv_core341.dll.a" />
					<Add library="libopencv_datasets341.dll.a" />
					<Add library="libopencv_dnn_objdetect341.dll.a" />
					<Add library="libopencv_dnn341.dll.a" />
					<Add library="libopencv_dpm341.dll.a" />
					<Add library="libopencv_face341.dll.a" />
					<Add library="libopencv_features2d341.dll.a" />
					<Add library="libopencv_flann341.dll.a" />
					<Add library="libopencv_fuzzy341.dll.a" />
					<Add library="libopencv_hfs341.dll.a" />
					<Add library="libopencv_highgui341.dll.a" />
					<Add library="libopencv_img_hash341.dll.a" />
					<Add library="libopencv_imgcodecs341.dll.a" />
					<Add library="libopencv_imgproc341.dll.a" />
					<Add library="libopencv_line_descriptor341.dll.a" />
					<Add library="libopencv_ml341.dll.a" />
					<Add library="libopencv_objdetect341.dll.a" />
					<Add library="libopencv_optflow341.dll.a" />
					<Add library="libopencv_phase_unwrapping341.dll.a" />
					<Add library="libopencv_photo341.dll.a" />
					<Add library="libopencv_plot341.dll.a" />
					<Add library="libopencv_reg341.dll.a" />
					<Add library="libopencv_rgbd341.dll.a" />
					<Add library="libopencv_shape341.dll.a" />
					<Add library="libopencv_stereo341.dll.a" />
					<Add library="libopencv_stitching341.dll.a" />
					<Add library="libopencv_structured_light341.dll.a" />
					<Add library="libopencv_superres341.dll.a" />
					<Add library="libopencv_surface_matching341.dll.a" />
					<Add library="libopencv_text341.dll.a" />
					<Add library="libopencv_tracking341.dll.a" />
					<Add library="libopencv_video341.dll.a" />
					<Add library="libopencv_videoio341.dll.a" />
					<Add library="libopencv_videostab341.dll.a" />
					<Add library="libopencv_xfeatures2d341.dll.a" />
					<Add library="libopencv_ximgproc341.dll.a" />
					<Add library="libopencv_xobjdetect341.dll.a" />
					<Add library="libopencv_xphoto341.dll.a" />
					<Add directory="wxWidgets-3.1.1/lib/gcc_lib" />
					<Add directory="opencv/build/install/x64/mingw/lib" />
					<Add directory="opencv/build/install/x64/mingw/bin" />
				</Linker>
			</Target>
		</Build>
		<Compiler>
			<Add option="-Wall" />
			<Add option="-pipe" />
			<Add option="-mthreads" />
			<Add option="-D__GNUWIN32__" />
			<Add option="-D__WXMSW__" />
			<Add option="-DwxUSE_UNICODE" />
			<Add directory="wxWidgets-3.1.1/include" />
			<Add directory="opencv-3.4.1/build/x64/mingw/include" />
		</Compiler>
		<ResourceCompiler>
			<Add directory="wxWidgets-3.1.1/include" />
		</ResourceCompiler>
		<Linker>
			<Add option="-mthreads" />
			<Add library="libkernel32.a" />
			<Add library="libuser32.a" />
			<Add library="libgdi32.a" />
			<Add library="libwinspool.a" />
			<Add library="libcomdlg32.a" />
			<Add library="libadvapi32.a" />
			<Add library="libshell32.a" />
			<Add library="libole32.a" />
			<Add library="liboleaut32.a" />
			<Add library="libuuid.a" />
			<Add library="libcomctl32.a" />
			<Add library="libwsock32.a" />
			<Add library="libodbc32.a" />
			<Add library="libshlwapi.a" />
			<Add library="libversion.a" />
			<Add directory="wxWidgets-3.1.1/lib/gcc_lib" />
			<Add directory="opencv-3.4.1/build/x64/mingw/bin" />
		</Linker>
		<Unit filename="SigninApp.cpp" />
		<Unit filename="SigninApp.h" />
		<Unit filename="SigninMain.cpp" />
		<Unit filename="SigninMain.h" />
		<Unit filename="camera/CameraView.cpp" />
		<Unit filename="camera/CameraView.h" />
		<Unit filename="resource.rc">
			<Option compilerVar="WINDRES" />
		</Unit>
		<Unit filename="wxsmith/Signinframe.wxs" />
		<Extensions>
			<code_completion />
			<envvars />
			<debugger />
			<wxsmith version="1">
				<gui name="wxWidgets" src="SigninApp.cpp" main="SigninFrame" init_handlers="necessary" language="CPP" />
				<resources>
					<wxFrame wxs="wxsmith/Signinframe.wxs" src="SigninMain.cpp" hdr="SigninMain.h" fwddecl="1" i18n="0" name="SigninFrame" language="CPP" />
					<wxPanel wxs="wxsmith/CameraPanel.wxs" src="CameraPanel.cpp" hdr="CameraPanel.h" fwddecl="0" i18n="1" name="CameraPanel" language="CPP" />
				</resources>
			</wxsmith>
		</Extensions>
	</Project>
</CodeBlocks_project_file>
